// !$*UTF8*$!
{
	archiveVersion = 1;
	classes = {
	};
	objectVersion = 46;
	objects = {

/* Begin PBXBuildFile section */
		349844961E5B37540038F167 /* main.m in Sources */ = {isa = PBXBuildFile; fileRef = 349844951E5B37540038F167 /* main.m */; };
		349844991E5B37540038F167 /* AppDelegate.m in Sources */ = {isa = PBXBuildFile; fileRef = 349844981E5B37540038F167 /* AppDelegate.m */; };
		3498449C1E5B37540038F167 /* ViewController.m in Sources */ = {isa = PBXBuildFile; fileRef = 3498449B1E5B37540038F167 /* ViewController.m */; };
		3498449F1E5B37540038F167 /* Main.storyboard in Resources */ = {isa = PBXBuildFile; fileRef = 3498449D1E5B37540038F167 /* Main.storyboard */; };
		349844A11E5B37540038F167 /* Assets.xcassets in Resources */ = {isa = PBXBuildFile; fileRef = 349844A01E5B37540038F167 /* Assets.xcassets */; };
		349844A41E5B37540038F167 /* LaunchScreen.storyboard in Resources */ = {isa = PBXBuildFile; fileRef = 349844A21E5B37540038F167 /* LaunchScreen.storyboard */; };
		349844AF1E5B37540038F167 /* SourceTreeObjTests.m in Sources */ = {isa = PBXBuildFile; fileRef = 349844AE1E5B37540038F167 /* SourceTreeObjTests.m */; };
		349844BA1E5B37540038F167 /* SourceTreeObjUITests.m in Sources */ = {isa = PBXBuildFile; fileRef = 349844B91E5B37540038F167 /* SourceTreeObjUITests.m */; };
/* End PBXBuildFile section */

/* Begin PBXContainerItemProxy section */
		349844AB1E5B37540038F167 /* PBXContainerItemProxy */ = {
			isa = PBXContainerItemProxy;
			containerPortal = 349844891E5B37530038F167 /* Project object */;
			proxyType = 1;
			remoteGlobalIDString = 349844901E5B37540038F167;
			remoteInfo = SourceTreeObj;
		};
		349844B61E5B37540038F167 /* PBXContainerItemProxy */ = {
			isa = PBXContainerItemProxy;
			containerPortal = 349844891E5B37530038F167 /* Project object */;
			proxyType = 1;
			remoteGlobalIDString = 349844901E5B37540038F167;
			remoteInfo = SourceTreeObj;
		};
/* End PBXContainerItemProxy section */

/* Begin PBXFileReference section */
		349844911E5B37540038F167 /* SourceTreeObj.app */ = {isa = PBXFileReference; explicitFileType = wrapper.application; includeInIndex = 0; path = SourceTreeObj.app; sourceTree = BUILT_PRODUCTS_DIR; };
		349844951E5B37540038F167 /* main.m */ = {isa = PBXFileReference; lastKnownFileType = sourcecode.c.objc; path = main.m; sourceTree = "<group>"; };
		349844971E5B37540038F167 /* AppDelegate.h */ = {isa = PBXFileReference; lastKnownFileType = sourcecode.c.h; path = AppDelegate.h; sourceTree = "<group>"; };
		349844981E5B37540038F167 /* AppDelegate.m */ = {isa = PBXFileReference; lastKnownFileType = sourcecode.c.objc; path = AppDelegate.m; sourceTree = "<group>"; };
		3498449A1E5B37540038F167 /* ViewController.h */ = {isa = PBXFileReference; lastKnownFileType = sourcecode.c.h; path = ViewController.h; sourceTree = "<group>"; };
		3498449B1E5B37540038F167 /* ViewController.m */ = {isa = PBXFileReference; lastKnownFileType = sourcecode.c.objc; path = ViewController.m; sourceTree = "<group>"; };
		3498449E1E5B37540038F167 /* Base */ = {isa = PBXFileReference; lastKnownFileType = file.storyboard; name = Base; path = Base.lproj/Main.storyboard; sourceTree = "<group>"; };
		349844A01E5B37540038F167 /* Assets.xcassets */ = {isa = PBXFileReference; lastKnownFileType = folder.assetcatalog; path = Assets.xcassets; sourceTree = "<group>"; };
		349844A31E5B37540038F167 /* Base */ = {isa = PBXFileReference; lastKnownFileType = file.storyboard; name = Base; path = Base.lproj/LaunchScreen.storyboard; sourceTree = "<group>"; };
		349844A51E5B37540038F167 /* Info.plist */ = {isa = PBXFileReference; lastKnownFileType = text.plist.xml; path = Info.plist; sourceTree = "<group>"; };
		349844AA1E5B37540038F167 /* SourceTreeObjTests.xctest */ = {isa = PBXFileReference; explicitFileType = wrapper.cfbundle; includeInIndex = 0; path = SourceTreeObjTests.xctest; sourceTree = BUILT_PRODUCTS_DIR; };
		349844AE1E5B37540038F167 /* SourceTreeObjTests.m */ = {isa = PBXFileReference; lastKnownFileType = sourcecode.c.objc; path = SourceTreeObjTests.m; sourceTree = "<group>"; };
		349844B01E5B37540038F167 /* Info.plist */ = {isa = PBXFileReference; lastKnownFileType = text.plist.xml; path = Info.plist; sourceTree = "<group>"; };
		349844B51E5B37540038F167 /* SourceTreeObjUITests.xctest */ = {isa = PBXFileReference; explicitFileType = wrapper.cfbundle; includeInIndex = 0; path = SourceTreeObjUITests.xctest; sourceTree = BUILT_PRODUCTS_DIR; };
		349844B91E5B37540038F167 /* SourceTreeObjUITests.m */ = {isa = PBXFileReference; lastKnownFileType = sourcecode.c.objc; path = SourceTreeObjUITests.m; sourceTree = "<group>"; };
		349844BB1E5B37540038F167 /* Info.plist */ = {isa = PBXFileReference; lastKnownFileType = text.plist.xml; path = Info.plist; sourceTree = "<group>"; };
/* End PBXFileReference section */

/* Begin PBXFrameworksBuildPhase section */
		3498448E1E5B37540038F167 /* Frameworks */ = {
			isa = PBXFrameworksBuildPhase;
			buildActionMask = 2147483647;
			files = (
			);
			runOnlyForDeploymentPostprocessing = 0;
		};
		349844A71E5B37540038F167 /* Frameworks */ = {
			isa = PBXFrameworksBuildPhase;
			buildActionMask = 2147483647;
			files = (
			);
			runOnlyForDeploymentPostprocessing = 0;
		};
		349844B21E5B37540038F167 /* Frameworks */ = {
			isa = PBXFrameworksBuildPhase;
			buildActionMask = 2147483647;
			files = (
			);
			runOnlyForDeploymentPostprocessing = 0;
		};
/* End PBXFrameworksBuildPhase section */

/* Begin PBXGroup section */
		349844881E5B37530038F167 = {
			isa = PBXGroup;
			children = (
				349844931E5B37540038F167 /* SourceTreeObj */,
				349844AD1E5B37540038F167 /* SourceTreeObjTests */,
				349844B81E5B37540038F167 /* SourceTreeObjUITests */,
				349844921E5B37540038F167 /* Products */,
			);
			sourceTree = "<group>";
		};
		349844921E5B37540038F167 /* Products */ = {
			isa = PBXGroup;
			children = (
				349844911E5B37540038F167 /* SourceTreeObj.app */,
				349844AA1E5B37540038F167 /* SourceTreeObjTests.xctest */,
				349844B51E5B37540038F167 /* SourceTreeObjUITests.xctest */,
			);
			name = Products;
			sourceTree = "<group>";
		};
		349844931E5B37540038F167 /* SourceTreeObj */ = {
			isa = PBXGroup;
			children = (
				349844971E5B37540038F167 /* AppDelegate.h */,
				349844981E5B37540038F167 /* AppDelegate.m */,
				3498449A1E5B37540038F167 /* ViewController.h */,
				3498449B1E5B37540038F167 /* ViewController.m */,
				3498449D1E5B37540038F167 /* Main.storyboard */,
				349844A01E5B37540038F167 /* Assets.xcassets */,
				349844A21E5B37540038F167 /* LaunchScreen.storyboard */,
				349844A51E5B37540038F167 /* Info.plist */,
				349844941E5B37540038F167 /* Supporting Files */,
			);
			path = SourceTreeObj;
			sourceTree = "<group>";
		};
		349844941E5B37540038F167 /* Supporting Files */ = {
			isa = PBXGroup;
			children = (
				349844951E5B37540038F167 /* main.m */,
			);
			name = "Supporting Files";
			sourceTree = "<group>";
		};
		349844AD1E5B37540038F167 /* SourceTreeObjTests */ = {
			isa = PBXGroup;
			children = (
				349844AE1E5B37540038F167 /* SourceTreeObjTests.m */,
				349844B01E5B37540038F167 /* Info.plist */,
			);
			path = SourceTreeObjTests;
			sourceTree = "<group>";
		};
		349844B81E5B37540038F167 /* SourceTreeObjUITests */ = {
			isa = PBXGroup;
			children = (
				349844B91E5B37540038F167 /* SourceTreeObjUITests.m */,
				349844BB1E5B37540038F167 /* Info.plist */,
			);
			path = SourceTreeObjUITests;
			sourceTree = "<group>";
		};
/* End PBXGroup section */

/* Begin PBXNativeTarget section */
		349844901E5B37540038F167 /* SourceTreeObj */ = {
			isa = PBXNativeTarget;
			buildConfigurationList = 349844BE1E5B37540038F167 /* Build configuration list for PBXNativeTarget "SourceTreeObj" */;
			buildPhases = (
				3498448D1E5B37540038F167 /* Sources */,
				3498448E1E5B37540038F167 /* Frameworks */,
				3498448F1E5B37540038F167 /* Resources */,
			);
			buildRules = (
			);
			dependencies = (
			);
			name = SourceTreeObj;
			productName = SourceTreeObj;
			productReference = 349844911E5B37540038F167 /* SourceTreeObj.app */;
			productType = "com.apple.product-type.application";
		};
		349844A91E5B37540038F167 /* SourceTreeObjTests */ = {
			isa = PBXNativeTarget;
			buildConfigurationList = 349844C11E5B37540038F167 /* Build configuration list for PBXNativeTarget "SourceTreeObjTests" */;
			buildPhases = (
				349844A61E5B37540038F167 /* Sources */,
				349844A71E5B37540038F167 /* Frameworks */,
				349844A81E5B37540038F167 /* Resources */,
			);
			buildRules = (
			);
			dependencies = (
				349844AC1E5B37540038F167 /* PBXTargetDependency */,
			);
			name = SourceTreeObjTests;
			productName = SourceTreeObjTests;
			productReference = 349844AA1E5B37540038F167 /* SourceTreeObjTests.xctest */;
			productType = "com.apple.product-type.bundle.unit-test";
		};
		349844B41E5B37540038F167 /* SourceTreeObjUITests */ = {
			isa = PBXNativeTarget;
			buildConfigurationList = 349844C41E5B37540038F167 /* Build configuration list for PBXNativeTarget "SourceTreeObjUITests" */;
			buildPhases = (
				349844B11E5B37540038F167 /* Sources */,
				349844B21E5B37540038F167 /* Frameworks */,
				349844B31E5B37540038F167 /* Resources */,
			);
			buildRules = (
			);
			dependencies = (
				349844B71E5B37540038F167 /* PBXTargetDependency */,
			);
			name = SourceTreeObjUITests;
			productName = SourceTreeObjUITests;
			productReference = 349844B51E5B37540038F167 /* SourceTreeObjUITests.xctest */;
			productType = "com.apple.product-type.bundle.ui-testing";
		};
/* End PBXNativeTarget section */

/* Begin PBXProject section */
		349844891E5B37530038F167 /* Project object */ = {
			isa = PBXProject;
			attributes = {
				LastUpgradeCheck = 0810;
				ORGANIZATIONNAME = "陈胜";
				TargetAttributes = {
					349844901E5B37540038F167 = {
						CreatedOnToolsVersion = 8.1;
						ProvisioningStyle = Automatic;
					};
					349844A91E5B37540038F167 = {
						CreatedOnToolsVersion = 8.1;
						ProvisioningStyle = Automatic;
						TestTargetID = 349844901E5B37540038F167;
					};
					349844B41E5B37540038F167 = {
						CreatedOnToolsVersion = 8.1;
						ProvisioningStyle = Automatic;
						TestTargetID = 349844901E5B37540038F167;
					};
				};
			};
			buildConfigurationList = 3498448C1E5B37530038F167 /* Build configuration list for PBXProject "SourceTreeObj" */;
			compatibilityVersion = "Xcode 3.2";
			developmentRegion = English;
			hasScannedForEncodings = 0;
			knownRegions = (
				en,
				Base,
			);
			mainGroup = 349844881E5B37530038F167;
			productRefGroup = 349844921E5B37540038F167 /* Products */;
			projectDirPath = "";
			projectRoot = "";
			targets = (
				349844901E5B37540038F167 /* SourceTreeObj */,
				349844A91E5B37540038F167 /* SourceTreeObjTests */,
				349844B41E5B37540038F167 /* SourceTreeObjUITests */,
			);
		};
/* End PBXProject section */

/* Begin PBXResourcesBuildPhase section */
		3498448F1E5B37540038F167 /* Resources */ = {
			isa = PBXResourcesBuildPhase;
			buildActionMask = 2147483647;
			files = (
				349844A41E5B37540038F167 /* LaunchScreen.storyboard in Resources */,
				349844A11E5B37540038F167 /* Assets.xcassets in Resources */,
				3498449F1E5B37540038F167 /* Main.storyboard in Resources */,
			);
			runOnlyForDeploymentPostprocessing = 0;
		};
		349844A81E5B37540038F167 /* Resources */ = {
			isa = PBXResourcesBuildPhase;
			buildActionMask = 2147483647;
			files = (
			);
			runOnlyForDeploymentPostprocessing = 0;
		};
		349844B31E5B37540038F167 /* Resources */ = {
			isa = PBXResourcesBuildPhase;
			buildActionMask = 2147483647;
			files = (
			);
			runOnlyForDeploymentPostprocessing = 0;
		};
/* End PBXResourcesBuildPhase section */

/* Begin PBXSourcesBuildPhase section */
		3498448D1E5B37540038F167 /* Sources */ = {
			isa = PBXSourcesBuildPhase;
			buildActionMask = 2147483647;
			files = (
				3498449C1E5B37540038F167 /* ViewController.m in Sources */,
				349844991E5B37540038F167 /* AppDelegate.m in Sources */,
				349844961E5B37540038F167 /* main.m in Sources */,
			);
			runOnlyForDeploymentPostprocessing = 0;
		};
		349844A61E5B37540038F167 /* Sources */ = {
			isa = PBXSourcesBuildPhase;
			buildActionMask = 2147483647;
			files = (
				349844AF1E5B37540038F167 /* SourceTreeObjTests.m in Sources */,
			);
			runOnlyForDeploymentPostprocessing = 0;
		};
		349844B11E5B37540038F167 /* Sources */ = {
			isa = PBXSourcesBuildPhase;
			buildActionMask = 2147483647;
			files = (
				349844BA1E5B37540038F167 /* SourceTreeObjUITests.m in Sources */,
			);
			runOnlyForDeploymentPostprocessing = 0;
		};
/* End PBXSourcesBuildPhase section */

/* Begin PBXTargetDependency section */
		349844AC1E5B37540038F167 /* PBXTargetDependency */ = {
			isa = PBXTargetDependency;
			target = 349844901E5B37540038F167 /* SourceTreeObj */;
			targetProxy = 349844AB1E5B37540038F167 /* PBXContainerItemProxy */;
		};
		349844B71E5B37540038F167 /* PBXTargetDependency */ = {
			isa = PBXTargetDependency;
			target = 349844901E5B37540038F167 /* SourceTreeObj */;
			targetProxy = 349844B61E5B37540038F167 /* PBXContainerItemProxy */;
		};
/* End PBXTargetDependency section */

/* Begin PBXVariantGroup section */
		3498449D1E5B37540038F167 /* Main.storyboard */ = {
			isa = PBXVariantGroup;
			children = (
				3498449E1E5B37540038F167 /* Base */,
			);
			name = Main.storyboard;
			sourceTree = "<group>";
		};
		349844A21E5B37540038F167 /* LaunchScreen.storyboard */ = {
			isa = PBXVariantGroup;
			children = (
				349844A31E5B37540038F167 /* Base */,
			);
			name = LaunchScreen.storyboard;
			sourceTree = "<group>";
		};
/* End PBXVariantGroup section */

/* Begin XCBuildConfiguration section */
		349844BC1E5B37540038F167 /* Debug */ = {
			isa = XCBuildConfiguration;
			buildSettings = {
				ALWAYS_SEARCH_USER_PATHS = NO;
				CLANG_ANALYZER_NONNULL = YES;
				CLANG_CXX_LANGUAGE_STANDARD = "gnu++0x";
				CLANG_CXX_LIBRARY = "libc++";
				CLANG_ENABLE_MODULES = YES;
				CLANG_ENABLE_OBJC_ARC = YES;
				CLANG_WARN_BOOL_CONVERSION = YES;
				CLANG_WARN_CONSTANT_CONVERSION = YES;
				CLANG_WARN_DIRECT_OBJC_ISA_USAGE = YES_ERROR;
				CLANG_WARN_DOCUMENTATION_COMMENTS = YES;
				CLANG_WARN_EMPTY_BODY = YES;
				CLANG_WARN_ENUM_CONVERSION = YES;
				CLANG_WARN_INFINITE_RECURSION = YES;
				CLANG_WARN_INT_CONVERSION = YES;
				CLANG_WARN_OBJC_ROOT_CLASS = YES_ERROR;
				CLANG_WARN_SUSPICIOUS_MOVES = YES;
				CLANG_WARN_UNREACHABLE_CODE = YES;
				CLANG_WARN__DUPLICATE_METHOD_MATCH = YES;
				"CODE_SIGN_IDENTITY[sdk=iphoneos*]" = "iPhone Developer";
				COPY_PHASE_STRIP = NO;
				DEBUG_INFORMATION_FORMAT = dwarf;
				ENABLE_STRICT_OBJC_MSGSEND = YES;
				ENABLE_TESTABILITY = YES;
				GCC_C_LANGUAGE_STANDARD = gnu99;
				GCC_DYNAMIC_NO_PIC = NO;
				GCC_NO_COMMON_BLOCKS = YES;
				GCC_OPTIMIZATION_LEVEL = 0;
				GCC_PREPROCESSOR_DEFINITIONS = (
					"DEBUG=1",
					"$(inherited)",
				);
				GCC_WARN_64_TO_32_BIT_CONVERSION = YES;
				GCC_WARN_ABOUT_RETURN_TYPE = YES_ERROR;
				GCC_WARN_UNDECLARED_SELECTOR = YES;
				GCC_WARN_UNINITIALIZED_AUTOS = YES_AGGRESSIVE;
				GCC_WARN_UNUSED_FUNCTION = YES;
				GCC_WARN_UNUSED_VARIABLE = YES;
				IPHONEOS_DEPLOYMENT_TARGET = 10.1;
				MTL_ENABLE_DEBUG_INFO = YES;
				ONLY_ACTIVE_ARCH = YES;
				SDKROOT = iphoneos;
			};
			name = Debug;
		};
		349844BD1E5B37540038F167 /* Release */ = {
			isa = XCBuildConfiguration;
			buildSettings = {
				ALWAYS_SEARCH_USER_PATHS = NO;
				CLANG_ANALYZER_NONNULL = YES;
				CLANG_CXX_LANGUAGE_STANDARD = "gnu++0x";
				CLANG_CXX_LIBRARY = "libc++";
				CLANG_ENABLE_MODULES = YES;
				CLANG_ENABLE_OBJC_ARC = YES;
				CLANG_WARN_BOOL_CONVERSION = YES;
				CLANG_WARN_CONSTANT_CONVERSION = YES;
				CLANG_WARN_DIRECT_OBJC_ISA_USAGE = YES_ERROR;
				CLANG_WARN_DOCUMENTATION_COMMENTS = YES;
				CLANG_WARN_EMPTY_BODY = YES;
				CLANG_WARN_ENUM_CONVERSION = YES;
				CLANG_WARN_INFINITE_RECURSION = YES;
				CLANG_WARN_INT_CONVERSION = YES;
				CLANG_WARN_OBJC_ROOT_CLASS = YES_ERROR;
				CLANG_WARN_SUSPICIOUS_MOVES = YES;
				CLANG_WARN_UNREACHABLE_CODE = YES;
				CLANG_WARN__DUPLICATE_METHOD_MATCH = YES;
				"CODE_SIGN_IDENTITY[sdk=iphoneos*]" = "iPhone Developer";
				COPY_PHASE_STRIP = NO;
				DEBUG_INFORMATION_FORMAT = "dwarf-with-dsym";
				ENABLE_NS_ASSERTIONS = NO;
				ENABLE_STRICT_OBJC_MSGSEND = YES;
				GCC_C_LANGUAGE_STANDARD = gnu99;
				GCC_NO_COMMON_BLOCKS = YES;
				GCC_WARN_64_TO_32_BIT_CONVERSION = YES;
				GCC_WARN_ABOUT_RETURN_TYPE = YES_ERROR;
				GCC_WARN_UNDECLARED_SELECTOR = YES;
				GCC_WARN_UNINITIALIZED_AUTOS = YES_AGGRESSIVE;
				GCC_WARN_UNUSED_FUNCTION = YES;
				GCC_WARN_UNUSED_VARIABLE = YES;
				IPHONEOS_DEPLOYMENT_TARGET = 10.1;
				MTL_ENABLE_DEBUG_INFO = NO;
				SDKROOT = iphoneos;
				VALIDATE_PRODUCT = YES;
			};
			name = Release;
		};
		349844BF1E5B37540038F167 /* Debug */ = {
			isa = XCBuildConfiguration;
			buildSettings = {
				ASSETCATALOG_COMPILER_APPICON_NAME = AppIcon;
				INFOPLIST_FILE = SourceTreeObj/Info.plist;
				LD_RUNPATH_SEARCH_PATHS = "$(inherited) @executable_path/Frameworks";
				PRODUCT_BUNDLE_IDENTIFIER = test.com.SourceTreeObj;
				PRODUCT_NAME = "$(TARGET_NAME)";
			};
			name = Debug;
		};
		349844C01E5B37540038F167 /* Release */ = {
			isa = XCBuildConfiguration;
			buildSettings = {
				ASSETCATALOG_COMPILER_APPICON_NAME = AppIcon;
				INFOPLIST_FILE = SourceTreeObj/Info.plist;
				LD_RUNPATH_SEARCH_PATHS = "$(inherited) @executable_path/Frameworks";
				PRODUCT_BUNDLE_IDENTIFIER = test.com.SourceTreeObj;
				PRODUCT_NAME = "$(TARGET_NAME)";
			};
			name = Release;
		};
		349844C21E5B37540038F167 /* Debug */ = {
			isa = XCBuildConfiguration;
			buildSettings = {
				BUNDLE_LOADER = "$(TEST_HOST)";
				INFOPLIST_FILE = SourceTreeObjTests/Info.plist;
				LD_RUNPATH_SEARCH_PATHS = "$(inherited) @executable_path/Frameworks @loader_path/Frameworks";
				PRODUCT_BUNDLE_IDENTIFIER = test.com.SourceTreeObjTests;
				PRODUCT_NAME = "$(TARGET_NAME)";
				TEST_HOST = "$(BUILT_PRODUCTS_DIR)/SourceTreeObj.app/SourceTreeObj";
			};
			name = Debug;
		};
		349844C31E5B37540038F167 /* Release */ = {
			isa = XCBuildConfiguration;
			buildSettings = {
				BUNDLE_LOADER = "$(TEST_HOST)";
				INFOPLIST_FILE = SourceTreeObjTests/Info.plist;
				LD_RUNPATH_SEARCH_PATHS = "$(inherited) @executable_path/Frameworks @loader_path/Frameworks";
				PRODUCT_BUNDLE_IDENTIFIER = test.com.SourceTreeObjTests;
				PRODUCT_NAME = "$(TARGET_NAME)";
				TEST_HOST = "$(BUILT_PRODUCTS_DIR)/SourceTreeObj.app/SourceTreeObj";
			};
			name = Release;
		};
		349844C51E5B37540038F167 /* Debug */ = {
			isa = XCBuildConfiguration;
			buildSettings = {
				INFOPLIST_FILE = SourceTreeObjUITests/Info.plist;
				LD_RUNPATH_SEARCH_PATHS = "$(inherited) @executable_path/Frameworks @loader_path/Frameworks";
				PRODUCT_BUNDLE_IDENTIFIER = test.com.SourceTreeObjUITests;
				PRODUCT_NAME = "$(TARGET_NAME)";
				TEST_TARGET_NAME = SourceTreeObj;
			};
			name = Debug;
		};
		349844C61E5B37540038F167 /* Release */ = {
			isa = XCBuildConfiguration;
			buildSettings = {
				INFOPLIST_FILE = SourceTreeObjUITests/Info.plist;
				LD_RUNPATH_SEARCH_PATHS = "$(inherited) @executable_path/Frameworks @loader_path/Frameworks";
				PRODUCT_BUNDLE_IDENTIFIER = test.com.SourceTreeObjUITests;
				PRODUCT_NAME = "$(TARGET_NAME)";
				TEST_TARGET_NAME = SourceTreeObj;
			};
			name = Release;
		};
/* End XCBuildConfiguration section */

/* Begin XCConfigurationList section */
		3498448C1E5B37530038F167 /* Build configuration list for PBXProject "SourceTreeObj" */ = {
			isa = XCConfigurationList;
			buildConfigurations = (
				349844BC1E5B37540038F167 /* Debug */,
				349844BD1E5B37540038F167 /* Release */,
			);
			defaultConfigurationIsVisible = 0;
			defaultConfigurationName = Release;
		};
		349844BE1E5B37540038F167 /* Build configuration list for PBXNativeTarget "SourceTreeObj" */ = {
			isa = XCConfigurationList;
			buildConfigurations = (
				349844BF1E5B37540038F167 /* Debug */,
				349844C01E5B37540038F167 /* Release */,
			);
			defaultConfigurationIsVisible = 0;
		};
		349844C11E5B37540038F167 /* Build configuration list for PBXNativeTarget "SourceTreeObjTests" */ = {
			isa = XCConfigurationList;
			buildConfigurations = (
				349844C21E5B37540038F167 /* Debug */,
				349844C31E5B37540038F167 /* Release */,
			);
			defaultConfigurationIsVisible = 0;
		};
		349844C41E5B37540038F167 /* Build configuration list for PBXNativeTarget "SourceTreeObjUITests" */ = {
			isa = XCConfigurationList;
			buildConfigurations = (
				349844C51E5B37540038F167 /* Debug */,
				349844C61E5B37540038F167 /* Release */,
			);
			defaultConfigurationIsVisible = 0;
		};
/* End XCConfigurationList section */
	};
	rootObject = 349844891E5B37530038F167 /* Project object */;
}
